<?xml version="1.0" encoding="utf-8"?>
<Project ToolsVersion="4.0" xmlns="http://schemas.microsoft.com/developer/msbuild/2003">
  <ItemGroup>
    <Filter Include="Assets">
      <UniqueIdentifier>9d5e911a-32b6-4d2f-8fc5-53c507a5426c</UniqueIdentifier>
      <Extensions>bmp;fbx;gif;jpg;jpeg;tga;tiff;tif;png</Extensions>
    </Filter>
    <Image Include="Assets\Logo.png">
      <Filter>Assets</Filter>
    </Image>
    <Image Include="Assets\SmallLogo.png">
      <Filter>Assets</Filter>
    </Image>
    <Image Include="Assets\StoreLogo.png">
      <Filter>Assets</Filter>
    </Image>
    <Image Include="Assets\SplashScreen.png">
      <Filter>Assets</Filter>
    </Image>
  </ItemGroup>
  <ItemGroup>
    <ClCompile Include="pch.cpp" />
    <ClCompile Include="Program.cpp" />
    <ClCompile Include="Renderer3D.cpp" />
    <ClCompile Include="RenderToTexture.cpp" />
  </ItemGroup>
  <ItemGroup>
    <ClInclude Include="pch.h" />
    <ClInclude Include="Renderer3D.h" />
    <ClInclude Include="RenderToTexture.h" />
    <ClInclude Include="Water.h" />
  </ItemGroup>
  <ItemGroup>
    <AppxManifest Include="Package.appxmanifest" />
  </ItemGroup>
  <ItemGroup>
    <None Include="Water-3D-simulation_TemporaryKey.pfx" />
  </ItemGroup>
  <ItemGroup>
    <FxCompile Include="VertexShader.hlsl" />
    <FxCompile Include="PixelShader.hlsl" />
    <FxCompile Include="ReflectionVertexShader.hlsl" />
    <FxCompile Include="ReflectionPixelShader.hlsl" />
  </ItemGroup>
  <ItemGroup>
    <Image Include="Assets\blue01.dds" />
    <Image Include="Assets\cardboard.dds" />
    <Image Include="Assets\tiles.dds" />
    <Image Include="Assets\darkblue.dds" />
    <Image Include="Assets\floral.dds" />
    <Image Include="Assets\green.dds" />
  </ItemGroup>
</Project>